
Microsoft Visual Studio Solution File, Format Version 12.00
# Visual Studio Version 17
VisualStudioVersion = 17.5.33424.131
MinimumVisualStudioVersion = 10.0.40219.1
Project("{FAE04EC0-301F-11D3-BF4B-00C04F79EFBC}") = "AnnaCherchel", "AnnaCherchel\AnnaCherchel.csproj", "{7ECCA16C-BB62-4EF6-892D-530416402ACC}"
EndProject
Global
	GlobalSection(SolutionConfigurationPlatforms) = preSolution
		Debug|Any CPU = Debug|Any CPU
		Release|Any CPU = Release|Any CPU
	EndGlobalSection
	GlobalSection(ProjectConfigurationPlatforms) = postSolution
		{7ECCA16C-BB62-4EF6-892D-530416402ACC}.Debug|Any CPU.ActiveCfg = Debug|Any CPU
		{7ECCA16C-BB62-4EF6-892D-530416402ACC}.Debug|Any CPU.Build.0 = Debug|Any CPU
		{7ECCA16C-BB62-4EF6-892D-530416402ACC}.Release|Any CPU.ActiveCfg = Release|Any CPU
		{7ECCA16C-BB62-4EF6-892D-530416402ACC}.Release|Any CPU.Build.0 = Release|Any CPU
	EndGlobalSection
	GlobalSection(SolutionProperties) = preSolution
		HideSolutionNode = FALSE
	EndGlobalSection
	GlobalSection(ExtensibilityGlobals) = postSolution
		SolutionGuid = {096BE003-4D95-4C76-AD22-1F1FBAF92773}
	EndGlobalSection
EndGlobal
